<?xml version="1.0" encoding="utf-8"?>
<Project ToolsVersion="4.0" xmlns="http://schemas.microsoft.com/developer/msbuild/2003">
  <ItemGroup>
    <Filter Include="Source Files">
      <UniqueIdentifier>{4FC737F1-C7A5-4376-A066-2A32D752A2FF}</UniqueIdentifier>
      <Extensions>cpp;c;cc;cxx;c++;cppm;ixx;def;odl;idl;hpj;bat;asm;asmx</Extensions>
    </Filter>
    <Filter Include="Header Files">
      <UniqueIdentifier>{93995380-89BD-4b04-88EB-625FBE52EBFB}</UniqueIdentifier>
      <Extensions>h;hh;hpp;hxx;h++;hm;inl;inc;ipp;xsd</Extensions>
    </Filter>
    <Filter Include="Resource Files">
      <UniqueIdentifier>{67DA6AB6-F800-4c08-8B7A-83BB121AAD01}</UniqueIdentifier>
      <Extensions>rc;ico;cur;bmp;dlg;rc2;rct;bin;rgs;gif;jpg;jpeg;jpe;resx;tiff;tif;png;wav;mfcribbon-ms</Extensions>
    </Filter>
    <Filter Include="Header Files\ApplicationLogic">
      <UniqueIdentifier>{a2b1383e-6cb5-4ee3-9481-3149f2c7b242}</UniqueIdentifier>
    </Filter>
    <Filter Include="Source Files\ApplicationLogic">
      <UniqueIdentifier>{2fd39317-4a97-42fb-839c-1ce77392e1e8}</UniqueIdentifier>
    </Filter>
    <Filter Include="Header Files\ScreenStage">
      <UniqueIdentifier>{20e35d60-bb91-4af6-b34f-9ac7fe78ab00}</UniqueIdentifier>
    </Filter>
    <Filter Include="Source Files\ScreenStage">
      <UniqueIdentifier>{f2888b36-76b8-443c-aa47-d3332a681f26}</UniqueIdentifier>
    </Filter>
    <Filter Include="Header Files\GameObject">
      <UniqueIdentifier>{d1512bbb-1f29-4644-ae80-e94c2b0462d0}</UniqueIdentifier>
    </Filter>
    <Filter Include="Source Files\GameObject">
      <UniqueIdentifier>{b1c1745b-908e-48b5-8634-cd3773f12c50}</UniqueIdentifier>
    </Filter>
  </ItemGroup>
  <ItemGroup>
    <ClCompile Include="main.cpp">
      <Filter>Source Files</Filter>
    </ClCompile>
    <ClCompile Include="ApplicationWindow.cpp">
      <Filter>Source Files\ApplicationLogic</Filter>
    </ClCompile>
    <ClCompile Include="Application.cpp">
      <Filter>Source Files\ApplicationLogic</Filter>
    </ClCompile>
    <ClCompile Include="ApplicationEvent.cpp">
      <Filter>Source Files\ApplicationLogic</Filter>
    </ClCompile>
    <ClCompile Include="GameStage.cpp">
      <Filter>Source Files\ScreenStage</Filter>
    </ClCompile>
    <ClCompile Include="MenuStage.cpp">
      <Filter>Source Files\ScreenStage</Filter>
    </ClCompile>
    <ClCompile Include="Stage.cpp">
      <Filter>Source Files\ScreenStage</Filter>
    </ClCompile>
    <ClCompile Include="preloader.cpp">
      <Filter>Source Files\ApplicationLogic</Filter>
    </ClCompile>
    <ClCompile Include="InteractableObject.cpp">
      <Filter>Source Files\GameObject</Filter>
    </ClCompile>
    <ClCompile Include="Block.cpp">
      <Filter>Source Files\GameObject</Filter>
    </ClCompile>
    <ClCompile Include="Button.cpp">
      <Filter>Source Files\GameObject</Filter>
    </ClCompile>
    <ClCompile Include="GameBoard.cpp">
      <Filter>Source Files\GameObject</Filter>
    </ClCompile>
    <ClCompile Include="Piece.cpp">
      <Filter>Source Files\GameObject</Filter>
    </ClCompile>
    <ClCompile Include="Text.cpp">
      <Filter>Source Files\GameObject</Filter>
    </ClCompile>
    <ClCompile Include="HowToPlayStage.cpp">
      <Filter>Source Files</Filter>
    </ClCompile>
  </ItemGroup>
  <ItemGroup>
    <ClInclude Include="ApplicationWindow.h">
      <Filter>Header Files\ApplicationLogic</Filter>
    </ClInclude>
    <ClInclude Include="Application.h">
      <Filter>Header Files\ApplicationLogic</Filter>
    </ClInclude>
    <ClInclude Include="ApplicationEvent.h">
      <Filter>Header Files\ApplicationLogic</Filter>
    </ClInclude>
    <ClInclude Include="MenuStage.h">
      <Filter>Header Files\ScreenStage</Filter>
    </ClInclude>
    <ClInclude Include="GameStage.h">
      <Filter>Header Files\ScreenStage</Filter>
    </ClInclude>
    <ClInclude Include="Stage.h">
      <Filter>Header Files\ScreenStage</Filter>
    </ClInclude>
    <ClInclude Include="Block.h">
      <Filter>Header Files\GameObject</Filter>
    </ClInclude>
    <ClInclude Include="Button.h">
      <Filter>Header Files\GameObject</Filter>
    </ClInclude>
    <ClInclude Include="GameBoard.h">
      <Filter>Header Files\GameObject</Filter>
    </ClInclude>
    <ClInclude Include="InteractableObject.h">
      <Filter>Header Files\GameObject</Filter>
    </ClInclude>
    <ClInclude Include="preloader.h">
      <Filter>Header Files\ApplicationLogic</Filter>
    </ClInclude>
    <ClInclude Include="Piece.h">
      <Filter>Header Files\GameObject</Filter>
    </ClInclude>
    <ClInclude Include="Text.h">
      <Filter>Header Files\GameObject</Filter>
    </ClInclude>
    <ClInclude Include="HowToPlayStage.h">
      <Filter>Header Files</Filter>
    </ClInclude>
  </ItemGroup>
</Project>